
Microsoft Visual Studio Solution File, Format Version 12.00
# Visual Studio Version 16
VisualStudioVersion = 16.0.30011.22
MinimumVisualStudioVersion = 10.0.40219.1
Project("{9A19103F-16F7-4668-BE54-9A1E7A4F7556}") = "Me.Bartecki.InvoiceApp.Web", "Me.Bartecki.InvoiceApp.Web\Me.Bartecki.InvoiceApp.Web.csproj", "{A8463973-F7EA-4866-9C6B-C1C51263AAC6}"
EndProject
Project("{9A19103F-16F7-4668-BE54-9A1E7A4F7556}") = "Me.Bartecki.InvoiceApp.Model", "Me.Bartecki.InvoiceApp.Model\Me.Bartecki.InvoiceApp.Model.csproj", "{FF5ABBBA-E53F-4262-ABF6-4322456B0E8A}"
EndProject
Project("{9A19103F-16F7-4668-BE54-9A1E7A4F7556}") = "Me.Bartecki.InvoiceApp.Svelte", "Me.Bartecki.InvoiceApp.Svelte\Me.Bartecki.InvoiceApp.Svelte.csproj", "{A633A263-AB9A-4738-850F-B1C4AB8EE553}"
EndProject
Global
	GlobalSection(SolutionConfigurationPlatforms) = preSolution
		Debug|Any CPU = Debug|Any CPU
		Release|Any CPU = Release|Any CPU
	EndGlobalSection
	GlobalSection(ProjectConfigurationPlatforms) = postSolution
		{A8463973-F7EA-4866-9C6B-C1C51263AAC6}.Debug|Any CPU.ActiveCfg = Debug|Any CPU
		{A8463973-F7EA-4866-9C6B-C1C51263AAC6}.Debug|Any CPU.Build.0 = Debug|Any CPU
		{A8463973-F7EA-4866-9C6B-C1C51263AAC6}.Release|Any CPU.ActiveCfg = Release|Any CPU
		{A8463973-F7EA-4866-9C6B-C1C51263AAC6}.Release|Any CPU.Build.0 = Release|Any CPU
		{FF5ABBBA-E53F-4262-ABF6-4322456B0E8A}.Debug|Any CPU.ActiveCfg = Debug|Any CPU
		{FF5ABBBA-E53F-4262-ABF6-4322456B0E8A}.Debug|Any CPU.Build.0 = Debug|Any CPU
		{FF5ABBBA-E53F-4262-ABF6-4322456B0E8A}.Release|Any CPU.ActiveCfg = Release|Any CPU
		{FF5ABBBA-E53F-4262-ABF6-4322456B0E8A}.Release|Any CPU.Build.0 = Release|Any CPU
		{A633A263-AB9A-4738-850F-B1C4AB8EE553}.Debug|Any CPU.ActiveCfg = Debug|Any CPU
		{A633A263-AB9A-4738-850F-B1C4AB8EE553}.Debug|Any CPU.Build.0 = Debug|Any CPU
		{A633A263-AB9A-4738-850F-B1C4AB8EE553}.Release|Any CPU.ActiveCfg = Release|Any CPU
		{A633A263-AB9A-4738-850F-B1C4AB8EE553}.Release|Any CPU.Build.0 = Release|Any CPU
	EndGlobalSection
	GlobalSection(SolutionProperties) = preSolution
		HideSolutionNode = FALSE
	EndGlobalSection
	GlobalSection(ExtensibilityGlobals) = postSolution
		SolutionGuid = {B67456D4-6F50-4B15-8C93-74403E0DEC18}
	EndGlobalSection
EndGlobal
